
Microsoft Visual Studio Solution File, Format Version 12.00
# Visual Studio Version 17
VisualStudioVersion = 17.1.32228.430
MinimumVisualStudioVersion = 10.0.40219.1
Project("{E53339B2-1760-4266-BCC7-CA923CBCF16C}") = "docker-compose", "docker-compose.dcproj", "{35095327-CCCC-4735-A8F9-A1BD0A1FBEC9}"
EndProject
Project("{2150E333-8FDC-42A3-9474-1A3956D46DE8}") = "src", "src", "{6354D1A7-9347-4360-B23A-84B3E830570C}"
EndProject
Project("{2150E333-8FDC-42A3-9474-1A3956D46DE8}") = "tests", "tests", "{446074C4-37DD-45F7-9986-843C917FD8CE}"
EndProject
Project("{FAE04EC0-301F-11D3-BF4B-00C04F79EFBC}") = "UserManager.Domain", "src\UserManager.Domain\UserManager.Domain.csproj", "{B665B6C6-C30C-43C5-B4E5-F30B473F73D2}"
EndProject
Project("{FAE04EC0-301F-11D3-BF4B-00C04F79EFBC}") = "UserManager.Application", "src\UserManager.Application\UserManager.Application.csproj", "{CCF4B317-89E1-46CB-8E54-0180FB1CA569}"
EndProject
Project("{FAE04EC0-301F-11D3-BF4B-00C04F79EFBC}") = "UserManager.Infrastructure", "src\UserManager.Infrastructure\UserManager.Infrastructure.csproj", "{4D24D146-1700-425E-ACC6-2FC73D3FCA36}"
EndProject
Project("{FAE04EC0-301F-11D3-BF4B-00C04F79EFBC}") = "UserManager.Api", "src\UserManager.Api\UserManager.Api.csproj", "{20ADE715-22AD-42F0-9C3A-E0CE9BAE0E46}"
EndProject
Project("{FAE04EC0-301F-11D3-BF4B-00C04F79EFBC}") = "UserManager.Application.IntegrationTests", "tests\UserManager.Application.IntegrationTests\UserManager.Application.IntegrationTests.csproj", "{575FEEB6-2B84-46C5-9B31-B4569CF7F7D3}"
EndProject
Project("{FAE04EC0-301F-11D3-BF4B-00C04F79EFBC}") = "UserManager.Application.UnitTests", "tests\UserManager.Application.UnitTests\UserManager.Application.UnitTests.csproj", "{B2DB63A1-1AB4-42D5-ADD2-9FB5E40EFB04}"
EndProject
Project("{FAE04EC0-301F-11D3-BF4B-00C04F79EFBC}") = "UserManager.MVC", "src\UserManager.MVC\UserManager.MVC.csproj", "{4E84019C-8D9F-4E98-A0C0-8E2A3FC10B84}"
EndProject
Global
	GlobalSection(SolutionConfigurationPlatforms) = preSolution
		Debug|Any CPU = Debug|Any CPU
		Release|Any CPU = Release|Any CPU
	EndGlobalSection
	GlobalSection(ProjectConfigurationPlatforms) = postSolution
		{35095327-CCCC-4735-A8F9-A1BD0A1FBEC9}.Debug|Any CPU.ActiveCfg = Debug|Any CPU
		{35095327-CCCC-4735-A8F9-A1BD0A1FBEC9}.Debug|Any CPU.Build.0 = Debug|Any CPU
		{35095327-CCCC-4735-A8F9-A1BD0A1FBEC9}.Release|Any CPU.ActiveCfg = Release|Any CPU
		{35095327-CCCC-4735-A8F9-A1BD0A1FBEC9}.Release|Any CPU.Build.0 = Release|Any CPU
		{B665B6C6-C30C-43C5-B4E5-F30B473F73D2}.Debug|Any CPU.ActiveCfg = Debug|Any CPU
		{B665B6C6-C30C-43C5-B4E5-F30B473F73D2}.Debug|Any CPU.Build.0 = Debug|Any CPU
		{B665B6C6-C30C-43C5-B4E5-F30B473F73D2}.Release|Any CPU.ActiveCfg = Release|Any CPU
		{B665B6C6-C30C-43C5-B4E5-F30B473F73D2}.Release|Any CPU.Build.0 = Release|Any CPU
		{CCF4B317-89E1-46CB-8E54-0180FB1CA569}.Debug|Any CPU.ActiveCfg = Debug|Any CPU
		{CCF4B317-89E1-46CB-8E54-0180FB1CA569}.Debug|Any CPU.Build.0 = Debug|Any CPU
		{CCF4B317-89E1-46CB-8E54-0180FB1CA569}.Release|Any CPU.ActiveCfg = Release|Any CPU
		{CCF4B317-89E1-46CB-8E54-0180FB1CA569}.Release|Any CPU.Build.0 = Release|Any CPU
		{4D24D146-1700-425E-ACC6-2FC73D3FCA36}.Debug|Any CPU.ActiveCfg = Debug|Any CPU
		{4D24D146-1700-425E-ACC6-2FC73D3FCA36}.Debug|Any CPU.Build.0 = Debug|Any CPU
		{4D24D146-1700-425E-ACC6-2FC73D3FCA36}.Release|Any CPU.ActiveCfg = Release|Any CPU
		{4D24D146-1700-425E-ACC6-2FC73D3FCA36}.Release|Any CPU.Build.0 = Release|Any CPU
		{20ADE715-22AD-42F0-9C3A-E0CE9BAE0E46}.Debug|Any CPU.ActiveCfg = Debug|Any CPU
		{20ADE715-22AD-42F0-9C3A-E0CE9BAE0E46}.Debug|Any CPU.Build.0 = Debug|Any CPU
		{20ADE715-22AD-42F0-9C3A-E0CE9BAE0E46}.Release|Any CPU.ActiveCfg = Release|Any CPU
		{20ADE715-22AD-42F0-9C3A-E0CE9BAE0E46}.Release|Any CPU.Build.0 = Release|Any CPU
		{575FEEB6-2B84-46C5-9B31-B4569CF7F7D3}.Debug|Any CPU.ActiveCfg = Debug|Any CPU
		{575FEEB6-2B84-46C5-9B31-B4569CF7F7D3}.Debug|Any CPU.Build.0 = Debug|Any CPU
		{575FEEB6-2B84-46C5-9B31-B4569CF7F7D3}.Release|Any CPU.ActiveCfg = Release|Any CPU
		{575FEEB6-2B84-46C5-9B31-B4569CF7F7D3}.Release|Any CPU.Build.0 = Release|Any CPU
		{B2DB63A1-1AB4-42D5-ADD2-9FB5E40EFB04}.Debug|Any CPU.ActiveCfg = Debug|Any CPU
		{B2DB63A1-1AB4-42D5-ADD2-9FB5E40EFB04}.Debug|Any CPU.Build.0 = Debug|Any CPU
		{B2DB63A1-1AB4-42D5-ADD2-9FB5E40EFB04}.Release|Any CPU.ActiveCfg = Release|Any CPU
		{B2DB63A1-1AB4-42D5-ADD2-9FB5E40EFB04}.Release|Any CPU.Build.0 = Release|Any CPU
		{4E84019C-8D9F-4E98-A0C0-8E2A3FC10B84}.Debug|Any CPU.ActiveCfg = Debug|Any CPU
		{4E84019C-8D9F-4E98-A0C0-8E2A3FC10B84}.Debug|Any CPU.Build.0 = Debug|Any CPU
		{4E84019C-8D9F-4E98-A0C0-8E2A3FC10B84}.Release|Any CPU.ActiveCfg = Release|Any CPU
		{4E84019C-8D9F-4E98-A0C0-8E2A3FC10B84}.Release|Any CPU.Build.0 = Release|Any CPU
	EndGlobalSection
	GlobalSection(SolutionProperties) = preSolution
		HideSolutionNode = FALSE
	EndGlobalSection
	GlobalSection(ExtensibilityGlobals) = postSolution
		SolutionGuid = {16E80F54-9262-4848-B9B6-6633372F22C5}
	EndGlobalSection
	GlobalSection(NestedProjects) = preSolution
		{B665B6C6-C30C-43C5-B4E5-F30B473F73D2} = {6354D1A7-9347-4360-B23A-84B3E830570C}
		{CCF4B317-89E1-46CB-8E54-0180FB1CA569} = {6354D1A7-9347-4360-B23A-84B3E830570C}
		{4D24D146-1700-425E-ACC6-2FC73D3FCA36} = {6354D1A7-9347-4360-B23A-84B3E830570C}
		{20ADE715-22AD-42F0-9C3A-E0CE9BAE0E46} = {6354D1A7-9347-4360-B23A-84B3E830570C}
		{575FEEB6-2B84-46C5-9B31-B4569CF7F7D3} = {446074C4-37DD-45F7-9986-843C917FD8CE}
		{B2DB63A1-1AB4-42D5-ADD2-9FB5E40EFB04} = {446074C4-37DD-45F7-9986-843C917FD8CE}
		{4E84019C-8D9F-4E98-A0C0-8E2A3FC10B84} = {6354D1A7-9347-4360-B23A-84B3E830570C}
	EndGlobalSection
EndGlobal
